
Microsoft Visual Studio Solution File, Format Version 12.00
# Visual Studio 15
Project("{FAE04EC0-301F-11D3-BF4B-00C04F79EFBC}") = "Assembly-CSharp", "Assembly-CSharp.csproj", "{591F0B41-CDB4-DEA1-F61E-B397202340EF}"
EndProject
Project("{FAE04EC0-301F-11D3-BF4B-00C04F79EFBC}") = "Assembly-CSharp-Editor", "Assembly-CSharp-Editor.csproj", "{03341141-06CA-4DA5-5351-5550869E2244}"
EndProject
Global
	GlobalSection(SolutionConfigurationPlatforms) = preSolution
		Debug|Any CPU = Debug|Any CPU
		Release|Any CPU = Release|Any CPU
	EndGlobalSection
	GlobalSection(ProjectConfigurationPlatforms) = postSolution
		{591F0B41-CDB4-DEA1-F61E-B397202340EF}.Debug|Any CPU.ActiveCfg = Debug|Any CPU
		{591F0B41-CDB4-DEA1-F61E-B397202340EF}.Debug|Any CPU.Build.0 = Debug|Any CPU
		{591F0B41-CDB4-DEA1-F61E-B397202340EF}.Release|Any CPU.ActiveCfg = Release|Any CPU
		{591F0B41-CDB4-DEA1-F61E-B397202340EF}.Release|Any CPU.Build.0 = Release|Any CPU
		{03341141-06CA-4DA5-5351-5550869E2244}.Debug|Any CPU.ActiveCfg = Debug|Any CPU
		{03341141-06CA-4DA5-5351-5550869E2244}.Debug|Any CPU.Build.0 = Debug|Any CPU
		{03341141-06CA-4DA5-5351-5550869E2244}.Release|Any CPU.ActiveCfg = Release|Any CPU
		{03341141-06CA-4DA5-5351-5550869E2244}.Release|Any CPU.Build.0 = Release|Any CPU
	EndGlobalSection
	GlobalSection(SolutionProperties) = preSolution
		HideSolutionNode = FALSE
	EndGlobalSection
EndGlobal
